
Microsoft Visual Studio Solution File, Format Version 12.00
# Visual Studio 2012
Project("{2150E333-8FDC-42A3-9474-1A3956D46DE8}") = ".nuget", ".nuget", "{FC56EB7E-42BE-4EA2-A0C4-1766D453F866}"
	ProjectSection(SolutionItems) = preProject
		.nuget\NuGet.Config = .nuget\NuGet.Config
		.nuget\NuGet.exe = .nuget\NuGet.exe
		.nuget\NuGet.targets = .nuget\NuGet.targets
	EndProjectSection
EndProject
Project("{FAE04EC0-301F-11D3-BF4B-00C04F79EFBC}") = "DeepEquals", "DeepEquals\DeepEquals.csproj", "{5125DCF0-FAD0-412F-B06C-FF4CE289A844}"
EndProject
Project("{FAE04EC0-301F-11D3-BF4B-00C04F79EFBC}") = "DeepEquals.Test", "DeepEquals.Test\DeepEquals.Test.csproj", "{941815E1-B504-4C64-B6E6-4E8C68421516}"
EndProject
Project("{FAE04EC0-301F-11D3-BF4B-00C04F79EFBC}") = "DeepEquals.Benchmark", "DeepEquals.Benchmark\DeepEquals.Benchmark.csproj", "{E85D1A5D-F779-474F-857A-2A0D1AAB9880}"
EndProject
Global
	GlobalSection(SolutionConfigurationPlatforms) = preSolution
		Debug|Any CPU = Debug|Any CPU
		Release|Any CPU = Release|Any CPU
	EndGlobalSection
	GlobalSection(ProjectConfigurationPlatforms) = postSolution
		{5125DCF0-FAD0-412F-B06C-FF4CE289A844}.Debug|Any CPU.ActiveCfg = Debug|Any CPU
		{5125DCF0-FAD0-412F-B06C-FF4CE289A844}.Debug|Any CPU.Build.0 = Debug|Any CPU
		{5125DCF0-FAD0-412F-B06C-FF4CE289A844}.Release|Any CPU.ActiveCfg = Release|Any CPU
		{5125DCF0-FAD0-412F-B06C-FF4CE289A844}.Release|Any CPU.Build.0 = Release|Any CPU
		{941815E1-B504-4C64-B6E6-4E8C68421516}.Debug|Any CPU.ActiveCfg = Debug|Any CPU
		{941815E1-B504-4C64-B6E6-4E8C68421516}.Debug|Any CPU.Build.0 = Debug|Any CPU
		{941815E1-B504-4C64-B6E6-4E8C68421516}.Release|Any CPU.ActiveCfg = Release|Any CPU
		{941815E1-B504-4C64-B6E6-4E8C68421516}.Release|Any CPU.Build.0 = Release|Any CPU
		{E85D1A5D-F779-474F-857A-2A0D1AAB9880}.Debug|Any CPU.ActiveCfg = Debug|Any CPU
		{E85D1A5D-F779-474F-857A-2A0D1AAB9880}.Debug|Any CPU.Build.0 = Debug|Any CPU
		{E85D1A5D-F779-474F-857A-2A0D1AAB9880}.Release|Any CPU.ActiveCfg = Release|Any CPU
		{E85D1A5D-F779-474F-857A-2A0D1AAB9880}.Release|Any CPU.Build.0 = Release|Any CPU
	EndGlobalSection
	GlobalSection(SolutionProperties) = preSolution
		HideSolutionNode = FALSE
	EndGlobalSection
EndGlobal
