
Microsoft Visual Studio Solution File, Format Version 12.00
# Visual Studio Version 17
VisualStudioVersion = 17.2.32630.192
MinimumVisualStudioVersion = 10.0.40219.1
Project("{9A19103F-16F7-4668-BE54-9A1E7A4F7556}") = "DeepEqual", "DeepEqual\DeepEqual.csproj", "{5125DCF0-FAD0-412F-B06C-FF4CE289A844}"
EndProject
Project("{9A19103F-16F7-4668-BE54-9A1E7A4F7556}") = "DeepEqual.Test", "DeepEqual.Test\DeepEqual.Test.csproj", "{941815E1-B504-4C64-B6E6-4E8C68421516}"
EndProject
Project("{9A19103F-16F7-4668-BE54-9A1E7A4F7556}") = "DeepEqual.Benchmark", "DeepEqual.Benchmark\DeepEqual.Benchmark.csproj", "{E85D1A5D-F779-474F-857A-2A0D1AAB9880}"
EndProject
Project("{778DAE3C-4631-46EA-AA77-85C1314464D9}") = "DeepEqual.Test.VB", "DeepEqual.Test.VB\DeepEqual.Test.VB.vbproj", "{4DAB6570-DF99-4574-8BB0-99573D9C6224}"
EndProject
Project("{2150E333-8FDC-42A3-9474-1A3956D46DE8}") = "Solution Items", "Solution Items", "{0F0A9EE3-A674-48E8-97B5-D15F7DC35CD7}"
	ProjectSection(SolutionItems) = preProject
		DeepEqual.snk = DeepEqual.snk
	EndProjectSection
EndProject
Project("{FAE04EC0-301F-11D3-BF4B-00C04F79EFBC}") = "DeepEqual.System.Text.Json", "DeepEqual.System.Text.Json\DeepEqual.System.Text.Json.csproj", "{24E48117-84E2-4519-A4B6-4CBC6DEF02AF}"
EndProject
Global
	GlobalSection(SolutionConfigurationPlatforms) = preSolution
		Debug|Any CPU = Debug|Any CPU
		Release|Any CPU = Release|Any CPU
	EndGlobalSection
	GlobalSection(ProjectConfigurationPlatforms) = postSolution
		{5125DCF0-FAD0-412F-B06C-FF4CE289A844}.Debug|Any CPU.ActiveCfg = Debug|Any CPU
		{5125DCF0-FAD0-412F-B06C-FF4CE289A844}.Debug|Any CPU.Build.0 = Debug|Any CPU
		{5125DCF0-FAD0-412F-B06C-FF4CE289A844}.Release|Any CPU.ActiveCfg = Release|Any CPU
		{5125DCF0-FAD0-412F-B06C-FF4CE289A844}.Release|Any CPU.Build.0 = Release|Any CPU
		{941815E1-B504-4C64-B6E6-4E8C68421516}.Debug|Any CPU.ActiveCfg = Debug|Any CPU
		{941815E1-B504-4C64-B6E6-4E8C68421516}.Debug|Any CPU.Build.0 = Debug|Any CPU
		{941815E1-B504-4C64-B6E6-4E8C68421516}.Release|Any CPU.ActiveCfg = Release|Any CPU
		{941815E1-B504-4C64-B6E6-4E8C68421516}.Release|Any CPU.Build.0 = Release|Any CPU
		{E85D1A5D-F779-474F-857A-2A0D1AAB9880}.Debug|Any CPU.ActiveCfg = Debug|Any CPU
		{E85D1A5D-F779-474F-857A-2A0D1AAB9880}.Debug|Any CPU.Build.0 = Debug|Any CPU
		{E85D1A5D-F779-474F-857A-2A0D1AAB9880}.Release|Any CPU.ActiveCfg = Release|Any CPU
		{E85D1A5D-F779-474F-857A-2A0D1AAB9880}.Release|Any CPU.Build.0 = Release|Any CPU
		{4DAB6570-DF99-4574-8BB0-99573D9C6224}.Debug|Any CPU.ActiveCfg = Debug|Any CPU
		{4DAB6570-DF99-4574-8BB0-99573D9C6224}.Debug|Any CPU.Build.0 = Debug|Any CPU
		{4DAB6570-DF99-4574-8BB0-99573D9C6224}.Release|Any CPU.ActiveCfg = Release|Any CPU
		{4DAB6570-DF99-4574-8BB0-99573D9C6224}.Release|Any CPU.Build.0 = Release|Any CPU
		{24E48117-84E2-4519-A4B6-4CBC6DEF02AF}.Debug|Any CPU.ActiveCfg = Debug|Any CPU
		{24E48117-84E2-4519-A4B6-4CBC6DEF02AF}.Debug|Any CPU.Build.0 = Debug|Any CPU
		{24E48117-84E2-4519-A4B6-4CBC6DEF02AF}.Release|Any CPU.ActiveCfg = Release|Any CPU
		{24E48117-84E2-4519-A4B6-4CBC6DEF02AF}.Release|Any CPU.Build.0 = Release|Any CPU
	EndGlobalSection
	GlobalSection(SolutionProperties) = preSolution
		HideSolutionNode = FALSE
	EndGlobalSection
	GlobalSection(ExtensibilityGlobals) = postSolution
		SolutionGuid = {05B8DE8F-16B0-45AE-B82A-604BB1BB6FFD}
	EndGlobalSection
EndGlobal
